<?xml version="1.0" encoding="utf-8"?>
<Project ToolsVersion="14.0" xmlns="http://schemas.microsoft.com/developer/msbuild/2003">
  <ItemGroup>
    <Filter Include="Resources">
      <UniqueIdentifier>20f29d0f-8147-4562-baed-c12e8bbc5bfc</UniqueIdentifier>
      <Extensions>rc;ico;cur;bmp;dlg;rc2;rct;bin;rgs;gif;jpg;jpeg;jpe;resx;tga;tiff;tif;png;wav;mfcribbon-ms</Extensions>
    </Filter>
    <Filter Include="Brushes">
      <UniqueIdentifier>{e65e62c2-78f7-4041-aa27-e9b857bc1123}</UniqueIdentifier>
    </Filter>
  </ItemGroup>
  <ItemGroup>
    <ClCompile Include="pch.cpp" />
    <ClCompile Include="RadialGradientBrush.cpp">
      <Filter>Brushes</Filter>
    </ClCompile>
  </ItemGroup>
  <ItemGroup>
    <ClInclude Include="pch.h" />
    <ClInclude Include="RadialGradientBrush.h">
      <Filter>Brushes</Filter>
    </ClInclude>
    <ClInclude Include="DirectXHelper.h">
      <Filter>Resources</Filter>
    </ClInclude>
  </ItemGroup>
</Project>